// !$*UTF8*$!
{
	archiveVersion = 1;
	classes = {
	};
	objectVersion = 46;
	objects = {

/* Begin PBXBuildFile section */
		2E0DFCC71D43F9AB00BA90AA /* Switch View.swift in Sources */ = {isa = PBXBuildFile; fileRef = 2E0DFCC61D43F9AB00BA90AA /* Switch View.swift */; };
		2E54D5F61D447FAF0058C9C3 /* Camera Manager.swift in Sources */ = {isa = PBXBuildFile; fileRef = 2E54D5F51D447FAF0058C9C3 /* Camera Manager.swift */; };
		2E5A7C091D40574B00D29099 /* Capture View.swift in Sources */ = {isa = PBXBuildFile; fileRef = 2E5A7C081D40574B00D29099 /* Capture View.swift */; };
		2E8E884F1D403603005ECBDA /* AppDelegate.swift in Sources */ = {isa = PBXBuildFile; fileRef = 2E8E884E1D403603005ECBDA /* AppDelegate.swift */; };
		2E8E88541D403603005ECBDA /* Main.storyboard in Resources */ = {isa = PBXBuildFile; fileRef = 2E8E88521D403603005ECBDA /* Main.storyboard */; };
		2E8E88561D403603005ECBDA /* Assets.xcassets in Resources */ = {isa = PBXBuildFile; fileRef = 2E8E88551D403603005ECBDA /* Assets.xcassets */; };
		2E8E88591D403603005ECBDA /* LaunchScreen.storyboard in Resources */ = {isa = PBXBuildFile; fileRef = 2E8E88571D403603005ECBDA /* LaunchScreen.storyboard */; };
		2E8E88641D403603005ECBDA /* ShareCamTests.swift in Sources */ = {isa = PBXBuildFile; fileRef = 2E8E88631D403603005ECBDA /* ShareCamTests.swift */; };
		2E8E886F1D403603005ECBDA /* ShareCamUITests.swift in Sources */ = {isa = PBXBuildFile; fileRef = 2E8E886E1D403603005ECBDA /* ShareCamUITests.swift */; };
		2E8E887D1D40504E005ECBDA /* Camera View.swift in Sources */ = {isa = PBXBuildFile; fileRef = 2E8E887C1D40504E005ECBDA /* Camera View.swift */; };
		5DC1A001327EAABCF9F24B2F /* Pods_ShareCamUITests.framework in Frameworks */ = {isa = PBXBuildFile; fileRef = 9309B30637EEAF142753BF2F /* Pods_ShareCamUITests.framework */; };
		AA2B6046D23B4E53053BA926 /* Pods_ShareCam.framework in Frameworks */ = {isa = PBXBuildFile; fileRef = 8D87E275BD062E9E905ED447 /* Pods_ShareCam.framework */; };
		D283FDF7B5CDC4F1369EA3FB /* Pods_ShareCamTests.framework in Frameworks */ = {isa = PBXBuildFile; fileRef = 43BCC11860DFCF5587379330 /* Pods_ShareCamTests.framework */; };
/* End PBXBuildFile section */

/* Begin PBXContainerItemProxy section */
		2E8E88601D403603005ECBDA /* PBXContainerItemProxy */ = {
			isa = PBXContainerItemProxy;
			containerPortal = 2E8E88431D403603005ECBDA /* Project object */;
			proxyType = 1;
			remoteGlobalIDString = 2E8E884A1D403603005ECBDA;
			remoteInfo = ShareCam;
		};
		2E8E886B1D403603005ECBDA /* PBXContainerItemProxy */ = {
			isa = PBXContainerItemProxy;
			containerPortal = 2E8E88431D403603005ECBDA /* Project object */;
			proxyType = 1;
			remoteGlobalIDString = 2E8E884A1D403603005ECBDA;
			remoteInfo = ShareCam;
		};
/* End PBXContainerItemProxy section */

/* Begin PBXFileReference section */
		05800243C3602CE84966EE87 /* Pods-ShareCam.debug.xcconfig */ = {isa = PBXFileReference; includeInIndex = 1; lastKnownFileType = text.xcconfig; name = "Pods-ShareCam.debug.xcconfig"; path = "Pods/Target Support Files/Pods-ShareCam/Pods-ShareCam.debug.xcconfig"; sourceTree = "<group>"; };
		19C024705451828650F4FA4B /* Pods-ShareCamUITests.release.xcconfig */ = {isa = PBXFileReference; includeInIndex = 1; lastKnownFileType = text.xcconfig; name = "Pods-ShareCamUITests.release.xcconfig"; path = "Pods/Target Support Files/Pods-ShareCamUITests/Pods-ShareCamUITests.release.xcconfig"; sourceTree = "<group>"; };
		2E0DFCC61D43F9AB00BA90AA /* Switch View.swift */ = {isa = PBXFileReference; fileEncoding = 4; lastKnownFileType = sourcecode.swift; path = "Switch View.swift"; sourceTree = "<group>"; };
		2E54D5F51D447FAF0058C9C3 /* Camera Manager.swift */ = {isa = PBXFileReference; fileEncoding = 4; lastKnownFileType = sourcecode.swift; path = "Camera Manager.swift"; sourceTree = "<group>"; };
		2E5A7C081D40574B00D29099 /* Capture View.swift */ = {isa = PBXFileReference; fileEncoding = 4; lastKnownFileType = sourcecode.swift; path = "Capture View.swift"; sourceTree = "<group>"; };
		2E8E884B1D403603005ECBDA /* ShareCam.app */ = {isa = PBXFileReference; explicitFileType = wrapper.application; includeInIndex = 0; path = ShareCam.app; sourceTree = BUILT_PRODUCTS_DIR; };
		2E8E884E1D403603005ECBDA /* AppDelegate.swift */ = {isa = PBXFileReference; lastKnownFileType = sourcecode.swift; path = AppDelegate.swift; sourceTree = "<group>"; };
		2E8E88531D403603005ECBDA /* Base */ = {isa = PBXFileReference; lastKnownFileType = file.storyboard; name = Base; path = Base.lproj/Main.storyboard; sourceTree = "<group>"; };
		2E8E88551D403603005ECBDA /* Assets.xcassets */ = {isa = PBXFileReference; lastKnownFileType = folder.assetcatalog; path = Assets.xcassets; sourceTree = "<group>"; };
		2E8E88581D403603005ECBDA /* Base */ = {isa = PBXFileReference; lastKnownFileType = file.storyboard; name = Base; path = Base.lproj/LaunchScreen.storyboard; sourceTree = "<group>"; };
		2E8E885A1D403603005ECBDA /* Info.plist */ = {isa = PBXFileReference; lastKnownFileType = text.plist.xml; path = Info.plist; sourceTree = "<group>"; };
		2E8E885F1D403603005ECBDA /* ShareCamTests.xctest */ = {isa = PBXFileReference; explicitFileType = wrapper.cfbundle; includeInIndex = 0; path = ShareCamTests.xctest; sourceTree = BUILT_PRODUCTS_DIR; };
		2E8E88631D403603005ECBDA /* ShareCamTests.swift */ = {isa = PBXFileReference; lastKnownFileType = sourcecode.swift; path = ShareCamTests.swift; sourceTree = "<group>"; };
		2E8E88651D403603005ECBDA /* Info.plist */ = {isa = PBXFileReference; lastKnownFileType = text.plist.xml; path = Info.plist; sourceTree = "<group>"; };
		2E8E886A1D403603005ECBDA /* ShareCamUITests.xctest */ = {isa = PBXFileReference; explicitFileType = wrapper.cfbundle; includeInIndex = 0; path = ShareCamUITests.xctest; sourceTree = BUILT_PRODUCTS_DIR; };
		2E8E886E1D403603005ECBDA /* ShareCamUITests.swift */ = {isa = PBXFileReference; lastKnownFileType = sourcecode.swift; path = ShareCamUITests.swift; sourceTree = "<group>"; };
		2E8E88701D403603005ECBDA /* Info.plist */ = {isa = PBXFileReference; lastKnownFileType = text.plist.xml; path = Info.plist; sourceTree = "<group>"; };
		2E8E887C1D40504E005ECBDA /* Camera View.swift */ = {isa = PBXFileReference; fileEncoding = 4; lastKnownFileType = sourcecode.swift; path = "Camera View.swift"; sourceTree = "<group>"; };
		43BCC11860DFCF5587379330 /* Pods_ShareCamTests.framework */ = {isa = PBXFileReference; explicitFileType = wrapper.framework; includeInIndex = 0; path = Pods_ShareCamTests.framework; sourceTree = BUILT_PRODUCTS_DIR; };
		5589EFE54021B450E994E952 /* Pods-ShareCam.release.xcconfig */ = {isa = PBXFileReference; includeInIndex = 1; lastKnownFileType = text.xcconfig; name = "Pods-ShareCam.release.xcconfig"; path = "Pods/Target Support Files/Pods-ShareCam/Pods-ShareCam.release.xcconfig"; sourceTree = "<group>"; };
		7155DD0F0F7AB9CF3C9EA07F /* Pods-ShareCamUITests.debug.xcconfig */ = {isa = PBXFileReference; includeInIndex = 1; lastKnownFileType = text.xcconfig; name = "Pods-ShareCamUITests.debug.xcconfig"; path = "Pods/Target Support Files/Pods-ShareCamUITests/Pods-ShareCamUITests.debug.xcconfig"; sourceTree = "<group>"; };
		873B9BB7164EDCD3F704B30B /* Pods-ShareCamTests.debug.xcconfig */ = {isa = PBXFileReference; includeInIndex = 1; lastKnownFileType = text.xcconfig; name = "Pods-ShareCamTests.debug.xcconfig"; path = "Pods/Target Support Files/Pods-ShareCamTests/Pods-ShareCamTests.debug.xcconfig"; sourceTree = "<group>"; };
		8C18B6299D30A1662D9FF867 /* Pods-ShareCamTests.release.xcconfig */ = {isa = PBXFileReference; includeInIndex = 1; lastKnownFileType = text.xcconfig; name = "Pods-ShareCamTests.release.xcconfig"; path = "Pods/Target Support Files/Pods-ShareCamTests/Pods-ShareCamTests.release.xcconfig"; sourceTree = "<group>"; };
		8D87E275BD062E9E905ED447 /* Pods_ShareCam.framework */ = {isa = PBXFileReference; explicitFileType = wrapper.framework; includeInIndex = 0; path = Pods_ShareCam.framework; sourceTree = BUILT_PRODUCTS_DIR; };
		9309B30637EEAF142753BF2F /* Pods_ShareCamUITests.framework */ = {isa = PBXFileReference; explicitFileType = wrapper.framework; includeInIndex = 0; path = Pods_ShareCamUITests.framework; sourceTree = BUILT_PRODUCTS_DIR; };
/* End PBXFileReference section */

/* Begin PBXFrameworksBuildPhase section */
		2E8E88481D403603005ECBDA /* Frameworks */ = {
			isa = PBXFrameworksBuildPhase;
			buildActionMask = 2147483647;
			files = (
				AA2B6046D23B4E53053BA926 /* Pods_ShareCam.framework in Frameworks */,
			);
			runOnlyForDeploymentPostprocessing = 0;
		};
		2E8E885C1D403603005ECBDA /* Frameworks */ = {
			isa = PBXFrameworksBuildPhase;
			buildActionMask = 2147483647;
			files = (
				D283FDF7B5CDC4F1369EA3FB /* Pods_ShareCamTests.framework in Frameworks */,
			);
			runOnlyForDeploymentPostprocessing = 0;
		};
		2E8E88671D403603005ECBDA /* Frameworks */ = {
			isa = PBXFrameworksBuildPhase;
			buildActionMask = 2147483647;
			files = (
				5DC1A001327EAABCF9F24B2F /* Pods_ShareCamUITests.framework in Frameworks */,
			);
			runOnlyForDeploymentPostprocessing = 0;
		};
/* End PBXFrameworksBuildPhase section */

/* Begin PBXGroup section */
		2E8E88421D403603005ECBDA = {
			isa = PBXGroup;
			children = (
				2E8E884D1D403603005ECBDA /* ShareCam */,
				2E8E88621D403603005ECBDA /* ShareCamTests */,
				2E8E886D1D403603005ECBDA /* ShareCamUITests */,
				2E8E884C1D403603005ECBDA /* Products */,
				DE1594CD6438D6FBCA365DDF /* Pods */,
				481F5C38D6E7EBF8C3E41212 /* Frameworks */,
			);
			sourceTree = "<group>";
		};
		2E8E884C1D403603005ECBDA /* Products */ = {
			isa = PBXGroup;
			children = (
				2E8E884B1D403603005ECBDA /* ShareCam.app */,
				2E8E885F1D403603005ECBDA /* ShareCamTests.xctest */,
				2E8E886A1D403603005ECBDA /* ShareCamUITests.xctest */,
			);
			name = Products;
			sourceTree = "<group>";
		};
		2E8E884D1D403603005ECBDA /* ShareCam */ = {
			isa = PBXGroup;
			children = (
				2E8E884E1D403603005ECBDA /* AppDelegate.swift */,
				2E8E88521D403603005ECBDA /* Main.storyboard */,
				2E8E887C1D40504E005ECBDA /* Camera View.swift */,
				2E0DFCC61D43F9AB00BA90AA /* Switch View.swift */,
				2E54D5F51D447FAF0058C9C3 /* Camera Manager.swift */,
				2E5A7C081D40574B00D29099 /* Capture View.swift */,
				2E8E88551D403603005ECBDA /* Assets.xcassets */,
				2E8E88571D403603005ECBDA /* LaunchScreen.storyboard */,
				2E8E885A1D403603005ECBDA /* Info.plist */,
			);
			path = ShareCam;
			sourceTree = "<group>";
		};
		2E8E88621D403603005ECBDA /* ShareCamTests */ = {
			isa = PBXGroup;
			children = (
				2E8E88631D403603005ECBDA /* ShareCamTests.swift */,
				2E8E88651D403603005ECBDA /* Info.plist */,
			);
			path = ShareCamTests;
			sourceTree = "<group>";
		};
		2E8E886D1D403603005ECBDA /* ShareCamUITests */ = {
			isa = PBXGroup;
			children = (
				2E8E886E1D403603005ECBDA /* ShareCamUITests.swift */,
				2E8E88701D403603005ECBDA /* Info.plist */,
			);
			path = ShareCamUITests;
			sourceTree = "<group>";
		};
		481F5C38D6E7EBF8C3E41212 /* Frameworks */ = {
			isa = PBXGroup;
			children = (
				8D87E275BD062E9E905ED447 /* Pods_ShareCam.framework */,
				43BCC11860DFCF5587379330 /* Pods_ShareCamTests.framework */,
				9309B30637EEAF142753BF2F /* Pods_ShareCamUITests.framework */,
			);
			name = Frameworks;
			sourceTree = "<group>";
		};
		DE1594CD6438D6FBCA365DDF /* Pods */ = {
			isa = PBXGroup;
			children = (
				05800243C3602CE84966EE87 /* Pods-ShareCam.debug.xcconfig */,
				5589EFE54021B450E994E952 /* Pods-ShareCam.release.xcconfig */,
				873B9BB7164EDCD3F704B30B /* Pods-ShareCamTests.debug.xcconfig */,
				8C18B6299D30A1662D9FF867 /* Pods-ShareCamTests.release.xcconfig */,
				7155DD0F0F7AB9CF3C9EA07F /* Pods-ShareCamUITests.debug.xcconfig */,
				19C024705451828650F4FA4B /* Pods-ShareCamUITests.release.xcconfig */,
			);
			name = Pods;
			sourceTree = "<group>";
		};
/* End PBXGroup section */

/* Begin PBXNativeTarget section */
		2E8E884A1D403603005ECBDA /* ShareCam */ = {
			isa = PBXNativeTarget;
			buildConfigurationList = 2E8E88731D403603005ECBDA /* Build configuration list for PBXNativeTarget "ShareCam" */;
			buildPhases = (
				1DD3F94E769972BE96B6ACB8 /* [CP] Check Pods Manifest.lock */,
				2E8E88471D403603005ECBDA /* Sources */,
				2E8E88481D403603005ECBDA /* Frameworks */,
				2E8E88491D403603005ECBDA /* Resources */,
				A939C74428815104E6F5928E /* [CP] Embed Pods Frameworks */,
				EC42D44BFDAF41039E7DEF39 /* [CP] Copy Pods Resources */,
			);
			buildRules = (
			);
			dependencies = (
			);
			name = ShareCam;
			productName = ShareCam;
			productReference = 2E8E884B1D403603005ECBDA /* ShareCam.app */;
			productType = "com.apple.product-type.application";
		};
		2E8E885E1D403603005ECBDA /* ShareCamTests */ = {
			isa = PBXNativeTarget;
			buildConfigurationList = 2E8E88761D403603005ECBDA /* Build configuration list for PBXNativeTarget "ShareCamTests" */;
			buildPhases = (
				98B675E8E1700968C4B2AD34 /* [CP] Check Pods Manifest.lock */,
				2E8E885B1D403603005ECBDA /* Sources */,
				2E8E885C1D403603005ECBDA /* Frameworks */,
				2E8E885D1D403603005ECBDA /* Resources */,
				00B2BFAFA2E1DC0F2F7F2447 /* [CP] Embed Pods Frameworks */,
				CBA7E5ECBEAEC84A7FC12992 /* [CP] Copy Pods Resources */,
			);
			buildRules = (
			);
			dependencies = (
				2E8E88611D403603005ECBDA /* PBXTargetDependency */,
			);
			name = ShareCamTests;
			productName = ShareCamTests;
			productReference = 2E8E885F1D403603005ECBDA /* ShareCamTests.xctest */;
			productType = "com.apple.product-type.bundle.unit-test";
		};
		2E8E88691D403603005ECBDA /* ShareCamUITests */ = {
			isa = PBXNativeTarget;
			buildConfigurationList = 2E8E88791D403603005ECBDA /* Build configuration list for PBXNativeTarget "ShareCamUITests" */;
			buildPhases = (
				3774D656635B9E35808D569E /* [CP] Check Pods Manifest.lock */,
				2E8E88661D403603005ECBDA /* Sources */,
				2E8E88671D403603005ECBDA /* Frameworks */,
				2E8E88681D403603005ECBDA /* Resources */,
				5743D3E5C1F3C4C29AD1B419 /* [CP] Copy Pods Resources */,
			);
			buildRules = (
			);
			dependencies = (
				2E8E886C1D403603005ECBDA /* PBXTargetDependency */,
			);
			name = ShareCamUITests;
			productName = ShareCamUITests;
			productReference = 2E8E886A1D403603005ECBDA /* ShareCamUITests.xctest */;
			productType = "com.apple.product-type.bundle.ui-testing";
		};
/* End PBXNativeTarget section */

/* Begin PBXProject section */
		2E8E88431D403603005ECBDA /* Project object */ = {
			isa = PBXProject;
			attributes = {
				LastSwiftUpdateCheck = 0730;
				LastUpgradeCheck = 0730;
				ORGANIZATIONNAME = "Reduct Software";
				TargetAttributes = {
					2E8E884A1D403603005ECBDA = {
						CreatedOnToolsVersion = 7.3.1;
					};
					2E8E885E1D403603005ECBDA = {
						CreatedOnToolsVersion = 7.3.1;
						TestTargetID = 2E8E884A1D403603005ECBDA;
					};
					2E8E88691D403603005ECBDA = {
						CreatedOnToolsVersion = 7.3.1;
						TestTargetID = 2E8E884A1D403603005ECBDA;
					};
				};
			};
			buildConfigurationList = 2E8E88461D403603005ECBDA /* Build configuration list for PBXProject "ShareCam" */;
			compatibilityVersion = "Xcode 3.2";
			developmentRegion = English;
			hasScannedForEncodings = 0;
			knownRegions = (
				en,
				Base,
			);
			mainGroup = 2E8E88421D403603005ECBDA;
			productRefGroup = 2E8E884C1D403603005ECBDA /* Products */;
			projectDirPath = "";
			projectRoot = "";
			targets = (
				2E8E884A1D403603005ECBDA /* ShareCam */,
				2E8E885E1D403603005ECBDA /* ShareCamTests */,
				2E8E88691D403603005ECBDA /* ShareCamUITests */,
			);
		};
/* End PBXProject section */

/* Begin PBXResourcesBuildPhase section */
		2E8E88491D403603005ECBDA /* Resources */ = {
			isa = PBXResourcesBuildPhase;
			buildActionMask = 2147483647;
			files = (
				2E8E88591D403603005ECBDA /* LaunchScreen.storyboard in Resources */,
				2E8E88561D403603005ECBDA /* Assets.xcassets in Resources */,
				2E8E88541D403603005ECBDA /* Main.storyboard in Resources */,
			);
			runOnlyForDeploymentPostprocessing = 0;
		};
		2E8E885D1D403603005ECBDA /* Resources */ = {
			isa = PBXResourcesBuildPhase;
			buildActionMask = 2147483647;
			files = (
			);
			runOnlyForDeploymentPostprocessing = 0;
		};
		2E8E88681D403603005ECBDA /* Resources */ = {
			isa = PBXResourcesBuildPhase;
			buildActionMask = 2147483647;
			files = (
			);
			runOnlyForDeploymentPostprocessing = 0;
		};
/* End PBXResourcesBuildPhase section */

/* Begin PBXShellScriptBuildPhase section */
		00B2BFAFA2E1DC0F2F7F2447 /* [CP] Embed Pods Frameworks */ = {
			isa = PBXShellScriptBuildPhase;
			buildActionMask = 2147483647;
			files = (
			);
			inputPaths = (
			);
			name = "[CP] Embed Pods Frameworks";
			outputPaths = (
			);
			runOnlyForDeploymentPostprocessing = 0;
			shellPath = /bin/sh;
			shellScript = "\"${SRCROOT}/Pods/Target Support Files/Pods-ShareCamTests/Pods-ShareCamTests-frameworks.sh\"\n";
			showEnvVarsInLog = 0;
		};
		1DD3F94E769972BE96B6ACB8 /* [CP] Check Pods Manifest.lock */ = {
			isa = PBXShellScriptBuildPhase;
			buildActionMask = 2147483647;
			files = (
			);
			inputPaths = (
			);
			name = "[CP] Check Pods Manifest.lock";
			outputPaths = (
			);
			runOnlyForDeploymentPostprocessing = 0;
			shellPath = /bin/sh;
			shellScript = "diff \"${PODS_ROOT}/../Podfile.lock\" \"${PODS_ROOT}/Manifest.lock\" > /dev/null\nif [[ $? != 0 ]] ; then\n    cat << EOM\nerror: The sandbox is not in sync with the Podfile.lock. Run 'pod install' or update your CocoaPods installation.\nEOM\n    exit 1\nfi\n";
			showEnvVarsInLog = 0;
		};
		3774D656635B9E35808D569E /* [CP] Check Pods Manifest.lock */ = {
			isa = PBXShellScriptBuildPhase;
			buildActionMask = 2147483647;
			files = (
			);
			inputPaths = (
			);
			name = "[CP] Check Pods Manifest.lock";
			outputPaths = (
			);
			runOnlyForDeploymentPostprocessing = 0;
			shellPath = /bin/sh;
			shellScript = "diff \"${PODS_ROOT}/../Podfile.lock\" \"${PODS_ROOT}/Manifest.lock\" > /dev/null\nif [[ $? != 0 ]] ; then\n    cat << EOM\nerror: The sandbox is not in sync with the Podfile.lock. Run 'pod install' or update your CocoaPods installation.\nEOM\n    exit 1\nfi\n";
			showEnvVarsInLog = 0;
		};
		5743D3E5C1F3C4C29AD1B419 /* [CP] Copy Pods Resources */ = {
			isa = PBXShellScriptBuildPhase;
			buildActionMask = 2147483647;
			files = (
			);
			inputPaths = (
			);
			name = "[CP] Copy Pods Resources";
			outputPaths = (
			);
			runOnlyForDeploymentPostprocessing = 0;
			shellPath = /bin/sh;
			shellScript = "\"${SRCROOT}/Pods/Target Support Files/Pods-ShareCamUITests/Pods-ShareCamUITests-resources.sh\"\n";
			showEnvVarsInLog = 0;
		};
		98B675E8E1700968C4B2AD34 /* [CP] Check Pods Manifest.lock */ = {
			isa = PBXShellScriptBuildPhase;
			buildActionMask = 2147483647;
			files = (
			);
			inputPaths = (
			);
			name = "[CP] Check Pods Manifest.lock";
			outputPaths = (
			);
			runOnlyForDeploymentPostprocessing = 0;
			shellPath = /bin/sh;
			shellScript = "diff \"${PODS_ROOT}/../Podfile.lock\" \"${PODS_ROOT}/Manifest.lock\" > /dev/null\nif [[ $? != 0 ]] ; then\n    cat << EOM\nerror: The sandbox is not in sync with the Podfile.lock. Run 'pod install' or update your CocoaPods installation.\nEOM\n    exit 1\nfi\n";
			showEnvVarsInLog = 0;
		};
		A939C74428815104E6F5928E /* [CP] Embed Pods Frameworks */ = {
			isa = PBXShellScriptBuildPhase;
			buildActionMask = 2147483647;
			files = (
			);
			inputPaths = (
			);
			name = "[CP] Embed Pods Frameworks";
			outputPaths = (
			);
			runOnlyForDeploymentPostprocessing = 0;
			shellPath = /bin/sh;
			shellScript = "\"${SRCROOT}/Pods/Target Support Files/Pods-ShareCam/Pods-ShareCam-frameworks.sh\"\n";
			showEnvVarsInLog = 0;
		};
		CBA7E5ECBEAEC84A7FC12992 /* [CP] Copy Pods Resources */ = {
			isa = PBXShellScriptBuildPhase;
			buildActionMask = 2147483647;
			files = (
			);
			inputPaths = (
			);
			name = "[CP] Copy Pods Resources";
			outputPaths = (
			);
			runOnlyForDeploymentPostprocessing = 0;
			shellPath = /bin/sh;
			shellScript = "\"${SRCROOT}/Pods/Target Support Files/Pods-ShareCamTests/Pods-ShareCamTests-resources.sh\"\n";
			showEnvVarsInLog = 0;
		};
		EC42D44BFDAF41039E7DEF39 /* [CP] Copy Pods Resources */ = {
			isa = PBXShellScriptBuildPhase;
			buildActionMask = 2147483647;
			files = (
			);
			inputPaths = (
			);
			name = "[CP] Copy Pods Resources";
			outputPaths = (
			);
			runOnlyForDeploymentPostprocessing = 0;
			shellPath = /bin/sh;
			shellScript = "\"${SRCROOT}/Pods/Target Support Files/Pods-ShareCam/Pods-ShareCam-resources.sh\"\n";
			showEnvVarsInLog = 0;
		};
/* End PBXShellScriptBuildPhase section */

/* Begin PBXSourcesBuildPhase section */
		2E8E88471D403603005ECBDA /* Sources */ = {
			isa = PBXSourcesBuildPhase;
			buildActionMask = 2147483647;
			files = (
				2E0DFCC71D43F9AB00BA90AA /* Switch View.swift in Sources */,
				2E54D5F61D447FAF0058C9C3 /* Camera Manager.swift in Sources */,
				2E8E887D1D40504E005ECBDA /* Camera View.swift in Sources */,
				2E8E884F1D403603005ECBDA /* AppDelegate.swift in Sources */,
				2E5A7C091D40574B00D29099 /* Capture View.swift in Sources */,
			);
			runOnlyForDeploymentPostprocessing = 0;
		};
		2E8E885B1D403603005ECBDA /* Sources */ = {
			isa = PBXSourcesBuildPhase;
			buildActionMask = 2147483647;
			files = (
				2E8E88641D403603005ECBDA /* ShareCamTests.swift in Sources */,
			);
			runOnlyForDeploymentPostprocessing = 0;
		};
		2E8E88661D403603005ECBDA /* Sources */ = {
			isa = PBXSourcesBuildPhase;
			buildActionMask = 2147483647;
			files = (
				2E8E886F1D403603005ECBDA /* ShareCamUITests.swift in Sources */,
			);
			runOnlyForDeploymentPostprocessing = 0;
		};
/* End PBXSourcesBuildPhase section */

/* Begin PBXTargetDependency section */
		2E8E88611D403603005ECBDA /* PBXTargetDependency */ = {
			isa = PBXTargetDependency;
			target = 2E8E884A1D403603005ECBDA /* ShareCam */;
			targetProxy = 2E8E88601D403603005ECBDA /* PBXContainerItemProxy */;
		};
		2E8E886C1D403603005ECBDA /* PBXTargetDependency */ = {
			isa = PBXTargetDependency;
			target = 2E8E884A1D403603005ECBDA /* ShareCam */;
			targetProxy = 2E8E886B1D403603005ECBDA /* PBXContainerItemProxy */;
		};
/* End PBXTargetDependency section */

/* Begin PBXVariantGroup section */
		2E8E88521D403603005ECBDA /* Main.storyboard */ = {
			isa = PBXVariantGroup;
			children = (
				2E8E88531D403603005ECBDA /* Base */,
			);
			name = Main.storyboard;
			sourceTree = "<group>";
		};
		2E8E88571D403603005ECBDA /* LaunchScreen.storyboard */ = {
			isa = PBXVariantGroup;
			children = (
				2E8E88581D403603005ECBDA /* Base */,
			);
			name = LaunchScreen.storyboard;
			sourceTree = "<group>";
		};
/* End PBXVariantGroup section */

/* Begin XCBuildConfiguration section */
		2E8E88711D403603005ECBDA /* Debug */ = {
			isa = XCBuildConfiguration;
			buildSettings = {
				ALWAYS_SEARCH_USER_PATHS = NO;
				CLANG_ANALYZER_NONNULL = YES;
				CLANG_CXX_LANGUAGE_STANDARD = "gnu++0x";
				CLANG_CXX_LIBRARY = "libc++";
				CLANG_ENABLE_MODULES = YES;
				CLANG_ENABLE_OBJC_ARC = YES;
				CLANG_WARN_BOOL_CONVERSION = YES;
				CLANG_WARN_CONSTANT_CONVERSION = YES;
				CLANG_WARN_DIRECT_OBJC_ISA_USAGE = YES_ERROR;
				CLANG_WARN_EMPTY_BODY = YES;
				CLANG_WARN_ENUM_CONVERSION = YES;
				CLANG_WARN_INT_CONVERSION = YES;
				CLANG_WARN_OBJC_ROOT_CLASS = YES_ERROR;
				CLANG_WARN_UNREACHABLE_CODE = YES;
				CLANG_WARN__DUPLICATE_METHOD_MATCH = YES;
				"CODE_SIGN_IDENTITY[sdk=iphoneos*]" = "iPhone Developer";
				COPY_PHASE_STRIP = NO;
				DEBUG_INFORMATION_FORMAT = dwarf;
				ENABLE_STRICT_OBJC_MSGSEND = YES;
				ENABLE_TESTABILITY = YES;
				GCC_C_LANGUAGE_STANDARD = gnu99;
				GCC_DYNAMIC_NO_PIC = NO;
				GCC_NO_COMMON_BLOCKS = YES;
				GCC_OPTIMIZATION_LEVEL = 0;
				GCC_PREPROCESSOR_DEFINITIONS = (
					"DEBUG=1",
					"$(inherited)",
				);
				GCC_WARN_64_TO_32_BIT_CONVERSION = YES;
				GCC_WARN_ABOUT_RETURN_TYPE = YES_ERROR;
				GCC_WARN_UNDECLARED_SELECTOR = YES;
				GCC_WARN_UNINITIALIZED_AUTOS = YES_AGGRESSIVE;
				GCC_WARN_UNUSED_FUNCTION = YES;
				GCC_WARN_UNUSED_VARIABLE = YES;
				IPHONEOS_DEPLOYMENT_TARGET = 9.3;
				MTL_ENABLE_DEBUG_INFO = YES;
				ONLY_ACTIVE_ARCH = YES;
				SDKROOT = iphoneos;
				SWIFT_OPTIMIZATION_LEVEL = "-Onone";
			};
			name = Debug;
		};
		2E8E88721D403603005ECBDA /* Release */ = {
			isa = XCBuildConfiguration;
			buildSettings = {
				ALWAYS_SEARCH_USER_PATHS = NO;
				CLANG_ANALYZER_NONNULL = YES;
				CLANG_CXX_LANGUAGE_STANDARD = "gnu++0x";
				CLANG_CXX_LIBRARY = "libc++";
				CLANG_ENABLE_MODULES = YES;
				CLANG_ENABLE_OBJC_ARC = YES;
				CLANG_WARN_BOOL_CONVERSION = YES;
				CLANG_WARN_CONSTANT_CONVERSION = YES;
				CLANG_WARN_DIRECT_OBJC_ISA_USAGE = YES_ERROR;
				CLANG_WARN_EMPTY_BODY = YES;
				CLANG_WARN_ENUM_CONVERSION = YES;
				CLANG_WARN_INT_CONVERSION = YES;
				CLANG_WARN_OBJC_ROOT_CLASS = YES_ERROR;
				CLANG_WARN_UNREACHABLE_CODE = YES;
				CLANG_WARN__DUPLICATE_METHOD_MATCH = YES;
				"CODE_SIGN_IDENTITY[sdk=iphoneos*]" = "iPhone Developer";
				COPY_PHASE_STRIP = NO;
				DEBUG_INFORMATION_FORMAT = "dwarf-with-dsym";
				ENABLE_NS_ASSERTIONS = NO;
				ENABLE_STRICT_OBJC_MSGSEND = YES;
				GCC_C_LANGUAGE_STANDARD = gnu99;
				GCC_NO_COMMON_BLOCKS = YES;
				GCC_WARN_64_TO_32_BIT_CONVERSION = YES;
				GCC_WARN_ABOUT_RETURN_TYPE = YES_ERROR;
				GCC_WARN_UNDECLARED_SELECTOR = YES;
				GCC_WARN_UNINITIALIZED_AUTOS = YES_AGGRESSIVE;
				GCC_WARN_UNUSED_FUNCTION = YES;
				GCC_WARN_UNUSED_VARIABLE = YES;
				IPHONEOS_DEPLOYMENT_TARGET = 9.3;
				MTL_ENABLE_DEBUG_INFO = NO;
				SDKROOT = iphoneos;
				VALIDATE_PRODUCT = YES;
			};
			name = Release;
		};
		2E8E88741D403603005ECBDA /* Debug */ = {
			isa = XCBuildConfiguration;
			baseConfigurationReference = 05800243C3602CE84966EE87 /* Pods-ShareCam.debug.xcconfig */;
			buildSettings = {
				ASSETCATALOG_COMPILER_APPICON_NAME = AppIcon;
				INFOPLIST_FILE = ShareCam/Info.plist;
				LD_RUNPATH_SEARCH_PATHS = "$(inherited) @executable_path/Frameworks";
				PRODUCT_BUNDLE_IDENTIFIER = com.ReductSoftware.ShareCam;
				PRODUCT_NAME = "$(TARGET_NAME)";
			};
			name = Debug;
		};
		2E8E88751D403603005ECBDA /* Release */ = {
			isa = XCBuildConfiguration;
			baseConfigurationReference = 5589EFE54021B450E994E952 /* Pods-ShareCam.release.xcconfig */;
			buildSettings = {
				ASSETCATALOG_COMPILER_APPICON_NAME = AppIcon;
				INFOPLIST_FILE = ShareCam/Info.plist;
				LD_RUNPATH_SEARCH_PATHS = "$(inherited) @executable_path/Frameworks";
				PRODUCT_BUNDLE_IDENTIFIER = com.ReductSoftware.ShareCam;
				PRODUCT_NAME = "$(TARGET_NAME)";
			};
			name = Release;
		};
		2E8E88771D403603005ECBDA /* Debug */ = {
			isa = XCBuildConfiguration;
			baseConfigurationReference = 873B9BB7164EDCD3F704B30B /* Pods-ShareCamTests.debug.xcconfig */;
			buildSettings = {
				BUNDLE_LOADER = "$(TEST_HOST)";
				INFOPLIST_FILE = ShareCamTests/Info.plist;
				LD_RUNPATH_SEARCH_PATHS = "$(inherited) @executable_path/Frameworks @loader_path/Frameworks";
				PRODUCT_BUNDLE_IDENTIFIER = com.ReductSoftware.ShareCamTests;
				PRODUCT_NAME = "$(TARGET_NAME)";
				TEST_HOST = "$(BUILT_PRODUCTS_DIR)/ShareCam.app/ShareCam";
			};
			name = Debug;
		};
		2E8E88781D403603005ECBDA /* Release */ = {
			isa = XCBuildConfiguration;
			baseConfigurationReference = 8C18B6299D30A1662D9FF867 /* Pods-ShareCamTests.release.xcconfig */;
			buildSettings = {
				BUNDLE_LOADER = "$(TEST_HOST)";
				INFOPLIST_FILE = ShareCamTests/Info.plist;
				LD_RUNPATH_SEARCH_PATHS = "$(inherited) @executable_path/Frameworks @loader_path/Frameworks";
				PRODUCT_BUNDLE_IDENTIFIER = com.ReductSoftware.ShareCamTests;
				PRODUCT_NAME = "$(TARGET_NAME)";
				TEST_HOST = "$(BUILT_PRODUCTS_DIR)/ShareCam.app/ShareCam";
			};
			name = Release;
		};
		2E8E887A1D403603005ECBDA /* Debug */ = {
			isa = XCBuildConfiguration;
			baseConfigurationReference = 7155DD0F0F7AB9CF3C9EA07F /* Pods-ShareCamUITests.debug.xcconfig */;
			buildSettings = {
				INFOPLIST_FILE = ShareCamUITests/Info.plist;
				LD_RUNPATH_SEARCH_PATHS = "$(inherited) @executable_path/Frameworks @loader_path/Frameworks";
				PRODUCT_BUNDLE_IDENTIFIER = com.ReductSoftware.ShareCamUITests;
				PRODUCT_NAME = "$(TARGET_NAME)";
				TEST_TARGET_NAME = ShareCam;
			};
			name = Debug;
		};
		2E8E887B1D403603005ECBDA /* Release */ = {
			isa = XCBuildConfiguration;
			baseConfigurationReference = 19C024705451828650F4FA4B /* Pods-ShareCamUITests.release.xcconfig */;
			buildSettings = {
				INFOPLIST_FILE = ShareCamUITests/Info.plist;
				LD_RUNPATH_SEARCH_PATHS = "$(inherited) @executable_path/Frameworks @loader_path/Frameworks";
				PRODUCT_BUNDLE_IDENTIFIER = com.ReductSoftware.ShareCamUITests;
				PRODUCT_NAME = "$(TARGET_NAME)";
				TEST_TARGET_NAME = ShareCam;
			};
			name = Release;
		};
/* End XCBuildConfiguration section */

/* Begin XCConfigurationList section */
		2E8E88461D403603005ECBDA /* Build configuration list for PBXProject "ShareCam" */ = {
			isa = XCConfigurationList;
			buildConfigurations = (
				2E8E88711D403603005ECBDA /* Debug */,
				2E8E88721D403603005ECBDA /* Release */,
			);
			defaultConfigurationIsVisible = 0;
			defaultConfigurationName = Release;
		};
		2E8E88731D403603005ECBDA /* Build configuration list for PBXNativeTarget "ShareCam" */ = {
			isa = XCConfigurationList;
			buildConfigurations = (
				2E8E88741D403603005ECBDA /* Debug */,
				2E8E88751D403603005ECBDA /* Release */,
			);
			defaultConfigurationIsVisible = 0;
			defaultConfigurationName = Release;
		};
		2E8E88761D403603005ECBDA /* Build configuration list for PBXNativeTarget "ShareCamTests" */ = {
			isa = XCConfigurationList;
			buildConfigurations = (
				2E8E88771D403603005ECBDA /* Debug */,
				2E8E88781D403603005ECBDA /* Release */,
			);
			defaultConfigurationIsVisible = 0;
			defaultConfigurationName = Release;
		};
		2E8E88791D403603005ECBDA /* Build configuration list for PBXNativeTarget "ShareCamUITests" */ = {
			isa = XCConfigurationList;
			buildConfigurations = (
				2E8E887A1D403603005ECBDA /* Debug */,
				2E8E887B1D403603005ECBDA /* Release */,
			);
			defaultConfigurationIsVisible = 0;
			defaultConfigurationName = Release;
		};
/* End XCConfigurationList section */
	};
	rootObject = 2E8E88431D403603005ECBDA /* Project object */;
}
